// !$*UTF8*$!
{
	archiveVersion = 1;
	classes = {
	};
	objectVersion = 51;
	objects = {

/* Begin PBXBuildFile section */
		3801CB7D33697F318FF2F6A3 /* Pods_SkyengTestApp.framework in Frameworks */ = {isa = PBXBuildFile; fileRef = AD5F1D06A235E85F3A20EEBD /* Pods_SkyengTestApp.framework */; };
		B1CA7E8724ECDA2600318099 /* AppDelegate.swift in Sources */ = {isa = PBXBuildFile; fileRef = B1CA7E8624ECDA2600318099 /* AppDelegate.swift */; };
		B1CA7E8924ECDA2600318099 /* SceneDelegate.swift in Sources */ = {isa = PBXBuildFile; fileRef = B1CA7E8824ECDA2600318099 /* SceneDelegate.swift */; };
		B1CA7E8E24ECDA2600318099 /* Main.storyboard in Resources */ = {isa = PBXBuildFile; fileRef = B1CA7E8C24ECDA2600318099 /* Main.storyboard */; };
		B1CA7E9024ECDA2800318099 /* Assets.xcassets in Resources */ = {isa = PBXBuildFile; fileRef = B1CA7E8F24ECDA2800318099 /* Assets.xcassets */; };
		B1CA7E9324ECDA2800318099 /* LaunchScreen.storyboard in Resources */ = {isa = PBXBuildFile; fileRef = B1CA7E9124ECDA2800318099 /* LaunchScreen.storyboard */; };
		B1CA7E9E24ECDA2800318099 /* SkyengTestAppTests.swift in Sources */ = {isa = PBXBuildFile; fileRef = B1CA7E9D24ECDA2800318099 /* SkyengTestAppTests.swift */; };
		B1CA7EAD24ECDC0600318099 /* WordViewController.swift in Sources */ = {isa = PBXBuildFile; fileRef = B1CA7EAC24ECDC0600318099 /* WordViewController.swift */; };
		B1CA7EB024ECDDAB00318099 /* Localizable.strings in Resources */ = {isa = PBXBuildFile; fileRef = B1CA7EAF24ECDDAB00318099 /* Localizable.strings */; };
		B1CA7EB324ECDDD900318099 /* Localization.swift in Sources */ = {isa = PBXBuildFile; fileRef = B1CA7EB224ECDDD900318099 /* Localization.swift */; };
		B1CA7EB724ECE15B00318099 /* SearchViewController.swift in Sources */ = {isa = PBXBuildFile; fileRef = B1CA7EB624ECE15B00318099 /* SearchViewController.swift */; };
		B1CA7EBA24ECE27700318099 /* API.swift in Sources */ = {isa = PBXBuildFile; fileRef = B1CA7EB924ECE27700318099 /* API.swift */; };
		B1CA7EBC24ECE2CC00318099 /* SessionError.swift in Sources */ = {isa = PBXBuildFile; fileRef = B1CA7EBB24ECE2CC00318099 /* SessionError.swift */; };
		B1CA7EBE24ECE49000318099 /* SessionManager.swift in Sources */ = {isa = PBXBuildFile; fileRef = B1CA7EBD24ECE49000318099 /* SessionManager.swift */; };
		B1CA7EC024ECE50000318099 /* Logger.swift in Sources */ = {isa = PBXBuildFile; fileRef = B1CA7EBF24ECE50000318099 /* Logger.swift */; };
		B1CA7EC224ECE5C200318099 /* CompletionResult.swift in Sources */ = {isa = PBXBuildFile; fileRef = B1CA7EC124ECE5C200318099 /* CompletionResult.swift */; };
		B1CA7EC424ECE80600318099 /* SearchManager.swift in Sources */ = {isa = PBXBuildFile; fileRef = B1CA7EC324ECE80600318099 /* SearchManager.swift */; };
		B1CA7EC724ECE9DC00318099 /* WordResponse.swift in Sources */ = {isa = PBXBuildFile; fileRef = B1CA7EC624ECE9DC00318099 /* WordResponse.swift */; };
		B1CA7ECA24ECED9B00318099 /* GenericPaginationModel.swift in Sources */ = {isa = PBXBuildFile; fileRef = B1CA7EC924ECED9B00318099 /* GenericPaginationModel.swift */; };
		B1CA7ECC24ECF26A00318099 /* WordCell.swift in Sources */ = {isa = PBXBuildFile; fileRef = B1CA7ECB24ECF26A00318099 /* WordCell.swift */; };
		B1CA7ECF24ECF46300318099 /* NSString+Ranges.swift in Sources */ = {isa = PBXBuildFile; fileRef = B1CA7ECE24ECF46300318099 /* NSString+Ranges.swift */; };
		B1CA7ED124ECF4A600318099 /* UIColor+CustomColors.swift in Sources */ = {isa = PBXBuildFile; fileRef = B1CA7ED024ECF4A600318099 /* UIColor+CustomColors.swift */; };
/* End PBXBuildFile section */

/* Begin PBXContainerItemProxy section */
		B1CA7E9A24ECDA2800318099 /* PBXContainerItemProxy */ = {
			isa = PBXContainerItemProxy;
			containerPortal = B1CA7E7B24ECDA2600318099 /* Project object */;
			proxyType = 1;
			remoteGlobalIDString = B1CA7E8224ECDA2600318099;
			remoteInfo = SkyengTestApp;
		};
/* End PBXContainerItemProxy section */

/* Begin PBXFileReference section */
		6AA1EC00EFA115D3BC78B322 /* Pods-SkyengTestApp.release.xcconfig */ = {isa = PBXFileReference; includeInIndex = 1; lastKnownFileType = text.xcconfig; name = "Pods-SkyengTestApp.release.xcconfig"; path = "Target Support Files/Pods-SkyengTestApp/Pods-SkyengTestApp.release.xcconfig"; sourceTree = "<group>"; };
		AD5F1D06A235E85F3A20EEBD /* Pods_SkyengTestApp.framework */ = {isa = PBXFileReference; explicitFileType = wrapper.framework; includeInIndex = 0; path = Pods_SkyengTestApp.framework; sourceTree = BUILT_PRODUCTS_DIR; };
		AE29EF85D4EAED0F170541F2 /* Pods-SkyengTestApp.debug.xcconfig */ = {isa = PBXFileReference; includeInIndex = 1; lastKnownFileType = text.xcconfig; name = "Pods-SkyengTestApp.debug.xcconfig"; path = "Target Support Files/Pods-SkyengTestApp/Pods-SkyengTestApp.debug.xcconfig"; sourceTree = "<group>"; };
		B1CA7E8324ECDA2600318099 /* SkyengTestApp.app */ = {isa = PBXFileReference; explicitFileType = wrapper.application; includeInIndex = 0; path = SkyengTestApp.app; sourceTree = BUILT_PRODUCTS_DIR; };
		B1CA7E8624ECDA2600318099 /* AppDelegate.swift */ = {isa = PBXFileReference; lastKnownFileType = sourcecode.swift; path = AppDelegate.swift; sourceTree = "<group>"; };
		B1CA7E8824ECDA2600318099 /* SceneDelegate.swift */ = {isa = PBXFileReference; lastKnownFileType = sourcecode.swift; path = SceneDelegate.swift; sourceTree = "<group>"; };
		B1CA7E8D24ECDA2600318099 /* Base */ = {isa = PBXFileReference; lastKnownFileType = file.storyboard; name = Base; path = Base.lproj/Main.storyboard; sourceTree = "<group>"; };
		B1CA7E8F24ECDA2800318099 /* Assets.xcassets */ = {isa = PBXFileReference; lastKnownFileType = folder.assetcatalog; path = Assets.xcassets; sourceTree = "<group>"; };
		B1CA7E9224ECDA2800318099 /* Base */ = {isa = PBXFileReference; lastKnownFileType = file.storyboard; name = Base; path = Base.lproj/LaunchScreen.storyboard; sourceTree = "<group>"; };
		B1CA7E9424ECDA2800318099 /* Info.plist */ = {isa = PBXFileReference; lastKnownFileType = text.plist.xml; path = Info.plist; sourceTree = "<group>"; };
		B1CA7E9924ECDA2800318099 /* SkyengTestAppTests.xctest */ = {isa = PBXFileReference; explicitFileType = wrapper.cfbundle; includeInIndex = 0; path = SkyengTestAppTests.xctest; sourceTree = BUILT_PRODUCTS_DIR; };
		B1CA7E9D24ECDA2800318099 /* SkyengTestAppTests.swift */ = {isa = PBXFileReference; lastKnownFileType = sourcecode.swift; path = SkyengTestAppTests.swift; sourceTree = "<group>"; };
		B1CA7E9F24ECDA2800318099 /* Info.plist */ = {isa = PBXFileReference; lastKnownFileType = text.plist.xml; path = Info.plist; sourceTree = "<group>"; };
		B1CA7EAC24ECDC0600318099 /* WordViewController.swift */ = {isa = PBXFileReference; lastKnownFileType = sourcecode.swift; path = WordViewController.swift; sourceTree = "<group>"; };
		B1CA7EAF24ECDDAB00318099 /* Localizable.strings */ = {isa = PBXFileReference; lastKnownFileType = text.plist.strings; path = Localizable.strings; sourceTree = "<group>"; };
		B1CA7EB224ECDDD900318099 /* Localization.swift */ = {isa = PBXFileReference; lastKnownFileType = sourcecode.swift; path = Localization.swift; sourceTree = "<group>"; };
		B1CA7EB624ECE15B00318099 /* SearchViewController.swift */ = {isa = PBXFileReference; lastKnownFileType = sourcecode.swift; path = SearchViewController.swift; sourceTree = "<group>"; };
		B1CA7EB924ECE27700318099 /* API.swift */ = {isa = PBXFileReference; lastKnownFileType = sourcecode.swift; path = API.swift; sourceTree = "<group>"; };
		B1CA7EBB24ECE2CC00318099 /* SessionError.swift */ = {isa = PBXFileReference; lastKnownFileType = sourcecode.swift; path = SessionError.swift; sourceTree = "<group>"; };
		B1CA7EBD24ECE49000318099 /* SessionManager.swift */ = {isa = PBXFileReference; lastKnownFileType = sourcecode.swift; path = SessionManager.swift; sourceTree = "<group>"; };
		B1CA7EBF24ECE50000318099 /* Logger.swift */ = {isa = PBXFileReference; lastKnownFileType = sourcecode.swift; path = Logger.swift; sourceTree = "<group>"; };
		B1CA7EC124ECE5C200318099 /* CompletionResult.swift */ = {isa = PBXFileReference; lastKnownFileType = sourcecode.swift; path = CompletionResult.swift; sourceTree = "<group>"; };
		B1CA7EC324ECE80600318099 /* SearchManager.swift */ = {isa = PBXFileReference; lastKnownFileType = sourcecode.swift; path = SearchManager.swift; sourceTree = "<group>"; };
		B1CA7EC624ECE9DC00318099 /* WordResponse.swift */ = {isa = PBXFileReference; lastKnownFileType = sourcecode.swift; path = WordResponse.swift; sourceTree = "<group>"; };
		B1CA7EC924ECED9B00318099 /* GenericPaginationModel.swift */ = {isa = PBXFileReference; lastKnownFileType = sourcecode.swift; path = GenericPaginationModel.swift; sourceTree = "<group>"; };
		B1CA7ECB24ECF26A00318099 /* WordCell.swift */ = {isa = PBXFileReference; lastKnownFileType = sourcecode.swift; path = WordCell.swift; sourceTree = "<group>"; };
		B1CA7ECE24ECF46300318099 /* NSString+Ranges.swift */ = {isa = PBXFileReference; lastKnownFileType = sourcecode.swift; path = "NSString+Ranges.swift"; sourceTree = "<group>"; };
		B1CA7ED024ECF4A600318099 /* UIColor+CustomColors.swift */ = {isa = PBXFileReference; lastKnownFileType = sourcecode.swift; path = "UIColor+CustomColors.swift"; sourceTree = "<group>"; };
/* End PBXFileReference section */

/* Begin PBXFrameworksBuildPhase section */
		B1CA7E8024ECDA2600318099 /* Frameworks */ = {
			isa = PBXFrameworksBuildPhase;
			buildActionMask = 2147483647;
			files = (
				3801CB7D33697F318FF2F6A3 /* Pods_SkyengTestApp.framework in Frameworks */,
			);
			runOnlyForDeploymentPostprocessing = 0;
		};
		B1CA7E9624ECDA2800318099 /* Frameworks */ = {
			isa = PBXFrameworksBuildPhase;
			buildActionMask = 2147483647;
			files = (
			);
			runOnlyForDeploymentPostprocessing = 0;
		};
/* End PBXFrameworksBuildPhase section */

/* Begin PBXGroup section */
		75979CA853554A00A9E66FE2 /* Frameworks */ = {
			isa = PBXGroup;
			children = (
				AD5F1D06A235E85F3A20EEBD /* Pods_SkyengTestApp.framework */,
			);
			name = Frameworks;
			sourceTree = "<group>";
		};
		B1CA7E7A24ECDA2600318099 = {
			isa = PBXGroup;
			children = (
				B1CA7E8524ECDA2600318099 /* SkyengTestApp */,
				B1CA7E9C24ECDA2800318099 /* SkyengTestAppTests */,
				B1CA7E8424ECDA2600318099 /* Products */,
				F53A529D66850C12945E11A7 /* Pods */,
				75979CA853554A00A9E66FE2 /* Frameworks */,
			);
			sourceTree = "<group>";
		};
		B1CA7E8424ECDA2600318099 /* Products */ = {
			isa = PBXGroup;
			children = (
				B1CA7E8324ECDA2600318099 /* SkyengTestApp.app */,
				B1CA7E9924ECDA2800318099 /* SkyengTestAppTests.xctest */,
			);
			name = Products;
			sourceTree = "<group>";
		};
		B1CA7E8524ECDA2600318099 /* SkyengTestApp */ = {
			isa = PBXGroup;
			children = (
				B1CA7ECD24ECF44900318099 /* Extensions */,
				B1CA7EB124ECDDC700318099 /* Utils */,
				B1CA7EAE24ECDD5F00318099 /* Resources */,
				B1CA7EA924ECDBA400318099 /* BL */,
				B1CA7EA824ECDB9B00318099 /* UI */,
				B1CA7E8624ECDA2600318099 /* AppDelegate.swift */,
				B1CA7E8824ECDA2600318099 /* SceneDelegate.swift */,
				B1CA7E9424ECDA2800318099 /* Info.plist */,
			);
			path = SkyengTestApp;
			sourceTree = "<group>";
		};
		B1CA7E9C24ECDA2800318099 /* SkyengTestAppTests */ = {
			isa = PBXGroup;
			children = (
				B1CA7E9D24ECDA2800318099 /* SkyengTestAppTests.swift */,
				B1CA7E9F24ECDA2800318099 /* Info.plist */,
			);
			path = SkyengTestAppTests;
			sourceTree = "<group>";
		};
		B1CA7EA824ECDB9B00318099 /* UI */ = {
			isa = PBXGroup;
			children = (
				B1CA7EAC24ECDC0600318099 /* WordViewController.swift */,
				B1CA7EB624ECE15B00318099 /* SearchViewController.swift */,
				B1CA7ECB24ECF26A00318099 /* WordCell.swift */,
			);
			path = UI;
			sourceTree = "<group>";
		};
		B1CA7EA924ECDBA400318099 /* BL */ = {
			isa = PBXGroup;
			children = (
				B1CA7EC824ECED8D00318099 /* Paginator */,
				B1CA7EB824ECE26900318099 /* API */,
			);
			path = BL;
			sourceTree = "<group>";
		};
		B1CA7EAE24ECDD5F00318099 /* Resources */ = {
			isa = PBXGroup;
			children = (
				B1CA7E8C24ECDA2600318099 /* Main.storyboard */,
				B1CA7E8F24ECDA2800318099 /* Assets.xcassets */,
				B1CA7E9124ECDA2800318099 /* LaunchScreen.storyboard */,
				B1CA7EAF24ECDDAB00318099 /* Localizable.strings */,
			);
			path = Resources;
			sourceTree = "<group>";
		};
		B1CA7EB124ECDDC700318099 /* Utils */ = {
			isa = PBXGroup;
			children = (
				B1CA7EB224ECDDD900318099 /* Localization.swift */,
				B1CA7EBF24ECE50000318099 /* Logger.swift */,
			);
			path = Utils;
			sourceTree = "<group>";
		};
		B1CA7EB824ECE26900318099 /* API */ = {
			isa = PBXGroup;
			children = (
				B1CA7EC524ECE80C00318099 /* Base */,
				B1CA7EC324ECE80600318099 /* SearchManager.swift */,
				B1CA7EC624ECE9DC00318099 /* WordResponse.swift */,
			);
			path = API;
			sourceTree = "<group>";
		};
		B1CA7EC524ECE80C00318099 /* Base */ = {
			isa = PBXGroup;
			children = (
				B1CA7EB924ECE27700318099 /* API.swift */,
				B1CA7EBB24ECE2CC00318099 /* SessionError.swift */,
				B1CA7EBD24ECE49000318099 /* SessionManager.swift */,
				B1CA7EC124ECE5C200318099 /* CompletionResult.swift */,
			);
			path = Base;
			sourceTree = "<group>";
		};
		B1CA7EC824ECED8D00318099 /* Paginator */ = {
			isa = PBXGroup;
			children = (
				B1CA7EC924ECED9B00318099 /* GenericPaginationModel.swift */,
			);
			path = Paginator;
			sourceTree = "<group>";
		};
		B1CA7ECD24ECF44900318099 /* Extensions */ = {
			isa = PBXGroup;
			children = (
				B1CA7ECE24ECF46300318099 /* NSString+Ranges.swift */,
				B1CA7ED024ECF4A600318099 /* UIColor+CustomColors.swift */,
			);
			path = Extensions;
			sourceTree = "<group>";
		};
		F53A529D66850C12945E11A7 /* Pods */ = {
			isa = PBXGroup;
			children = (
				AE29EF85D4EAED0F170541F2 /* Pods-SkyengTestApp.debug.xcconfig */,
				6AA1EC00EFA115D3BC78B322 /* Pods-SkyengTestApp.release.xcconfig */,
			);
			path = Pods;
			sourceTree = "<group>";
		};
/* End PBXGroup section */

/* Begin PBXNativeTarget section */
		B1CA7E8224ECDA2600318099 /* SkyengTestApp */ = {
			isa = PBXNativeTarget;
			buildConfigurationList = B1CA7EA224ECDA2800318099 /* Build configuration list for PBXNativeTarget "SkyengTestApp" */;
			buildPhases = (
				61A4F12313027269D905F2FA /* [CP] Check Pods Manifest.lock */,
				B1CA7E7F24ECDA2600318099 /* Sources */,
				B1CA7E8024ECDA2600318099 /* Frameworks */,
				B1CA7E8124ECDA2600318099 /* Resources */,
				B75AE9FF0705272B1A88B129 /* [CP] Embed Pods Frameworks */,
			);
			buildRules = (
			);
			dependencies = (
			);
			name = SkyengTestApp;
			productName = SkyengTestApp;
			productReference = B1CA7E8324ECDA2600318099 /* SkyengTestApp.app */;
			productType = "com.apple.product-type.application";
		};
		B1CA7E9824ECDA2800318099 /* SkyengTestAppTests */ = {
			isa = PBXNativeTarget;
			buildConfigurationList = B1CA7EA524ECDA2800318099 /* Build configuration list for PBXNativeTarget "SkyengTestAppTests" */;
			buildPhases = (
				B1CA7E9524ECDA2800318099 /* Sources */,
				B1CA7E9624ECDA2800318099 /* Frameworks */,
				B1CA7E9724ECDA2800318099 /* Resources */,
			);
			buildRules = (
			);
			dependencies = (
				B1CA7E9B24ECDA2800318099 /* PBXTargetDependency */,
			);
			name = SkyengTestAppTests;
			productName = SkyengTestAppTests;
			productReference = B1CA7E9924ECDA2800318099 /* SkyengTestAppTests.xctest */;
			productType = "com.apple.product-type.bundle.unit-test";
		};
/* End PBXNativeTarget section */

/* Begin PBXProject section */
		B1CA7E7B24ECDA2600318099 /* Project object */ = {
			isa = PBXProject;
			attributes = {
				LastSwiftUpdateCheck = 1130;
				LastUpgradeCheck = 1130;
				ORGANIZATIONNAME = "Evgeniya Bubnova";
				TargetAttributes = {
					B1CA7E8224ECDA2600318099 = {
						CreatedOnToolsVersion = 11.3.1;
					};
					B1CA7E9824ECDA2800318099 = {
						CreatedOnToolsVersion = 11.3.1;
						TestTargetID = B1CA7E8224ECDA2600318099;
					};
				};
			};
			buildConfigurationList = B1CA7E7E24ECDA2600318099 /* Build configuration list for PBXProject "SkyengTestApp" */;
			compatibilityVersion = "Xcode 9.3";
			developmentRegion = en;
			hasScannedForEncodings = 0;
			knownRegions = (
				en,
				Base,
			);
			mainGroup = B1CA7E7A24ECDA2600318099;
			productRefGroup = B1CA7E8424ECDA2600318099 /* Products */;
			projectDirPath = "";
			projectRoot = "";
			targets = (
				B1CA7E8224ECDA2600318099 /* SkyengTestApp */,
				B1CA7E9824ECDA2800318099 /* SkyengTestAppTests */,
			);
		};
/* End PBXProject section */

/* Begin PBXResourcesBuildPhase section */
		B1CA7E8124ECDA2600318099 /* Resources */ = {
			isa = PBXResourcesBuildPhase;
			buildActionMask = 2147483647;
			files = (
				B1CA7E9324ECDA2800318099 /* LaunchScreen.storyboard in Resources */,
				B1CA7EB024ECDDAB00318099 /* Localizable.strings in Resources */,
				B1CA7E9024ECDA2800318099 /* Assets.xcassets in Resources */,
				B1CA7E8E24ECDA2600318099 /* Main.storyboard in Resources */,
			);
			runOnlyForDeploymentPostprocessing = 0;
		};
		B1CA7E9724ECDA2800318099 /* Resources */ = {
			isa = PBXResourcesBuildPhase;
			buildActionMask = 2147483647;
			files = (
			);
			runOnlyForDeploymentPostprocessing = 0;
		};
/* End PBXResourcesBuildPhase section */

/* Begin PBXShellScriptBuildPhase section */
		61A4F12313027269D905F2FA /* [CP] Check Pods Manifest.lock */ = {
			isa = PBXShellScriptBuildPhase;
			buildActionMask = 2147483647;
			files = (
			);
			inputFileListPaths = (
			);
			inputPaths = (
				"${PODS_PODFILE_DIR_PATH}/Podfile.lock",
				"${PODS_ROOT}/Manifest.lock",
			);
			name = "[CP] Check Pods Manifest.lock";
			outputFileListPaths = (
			);
			outputPaths = (
				"$(DERIVED_FILE_DIR)/Pods-SkyengTestApp-checkManifestLockResult.txt",
			);
			runOnlyForDeploymentPostprocessing = 0;
			shellPath = /bin/sh;
			shellScript = "diff \"${PODS_PODFILE_DIR_PATH}/Podfile.lock\" \"${PODS_ROOT}/Manifest.lock\" > /dev/null\nif [ $? != 0 ] ; then\n    # print error to STDERR\n    echo \"error: The sandbox is not in sync with the Podfile.lock. Run 'pod install' or update your CocoaPods installation.\" >&2\n    exit 1\nfi\n# This output is used by Xcode 'outputs' to avoid re-running this script phase.\necho \"SUCCESS\" > \"${SCRIPT_OUTPUT_FILE_0}\"\n";
			showEnvVarsInLog = 0;
		};
		B75AE9FF0705272B1A88B129 /* [CP] Embed Pods Frameworks */ = {
			isa = PBXShellScriptBuildPhase;
			buildActionMask = 2147483647;
			files = (
			);
			inputFileListPaths = (
				"${PODS_ROOT}/Target Support Files/Pods-SkyengTestApp/Pods-SkyengTestApp-frameworks-${CONFIGURATION}-input-files.xcfilelist",
			);
			name = "[CP] Embed Pods Frameworks";
			outputFileListPaths = (
				"${PODS_ROOT}/Target Support Files/Pods-SkyengTestApp/Pods-SkyengTestApp-frameworks-${CONFIGURATION}-output-files.xcfilelist",
			);
			runOnlyForDeploymentPostprocessing = 0;
			shellPath = /bin/sh;
			shellScript = "\"${PODS_ROOT}/Target Support Files/Pods-SkyengTestApp/Pods-SkyengTestApp-frameworks.sh\"\n";
			showEnvVarsInLog = 0;
		};
/* End PBXShellScriptBuildPhase section */

/* Begin PBXSourcesBuildPhase section */
		B1CA7E7F24ECDA2600318099 /* Sources */ = {
			isa = PBXSourcesBuildPhase;
			buildActionMask = 2147483647;
			files = (
				B1CA7EB724ECE15B00318099 /* SearchViewController.swift in Sources */,
				B1CA7EBC24ECE2CC00318099 /* SessionError.swift in Sources */,
				B1CA7EB324ECDDD900318099 /* Localization.swift in Sources */,
				B1CA7E8724ECDA2600318099 /* AppDelegate.swift in Sources */,
				B1CA7EC024ECE50000318099 /* Logger.swift in Sources */,
				B1CA7ECF24ECF46300318099 /* NSString+Ranges.swift in Sources */,
				B1CA7ECA24ECED9B00318099 /* GenericPaginationModel.swift in Sources */,
				B1CA7EAD24ECDC0600318099 /* WordViewController.swift in Sources */,
				B1CA7EC224ECE5C200318099 /* CompletionResult.swift in Sources */,
				B1CA7EC424ECE80600318099 /* SearchManager.swift in Sources */,
				B1CA7ED124ECF4A600318099 /* UIColor+CustomColors.swift in Sources */,
				B1CA7ECC24ECF26A00318099 /* WordCell.swift in Sources */,
				B1CA7EC724ECE9DC00318099 /* WordResponse.swift in Sources */,
				B1CA7EBA24ECE27700318099 /* API.swift in Sources */,
				B1CA7EBE24ECE49000318099 /* SessionManager.swift in Sources */,
				B1CA7E8924ECDA2600318099 /* SceneDelegate.swift in Sources */,
			);
			runOnlyForDeploymentPostprocessing = 0;
		};
		B1CA7E9524ECDA2800318099 /* Sources */ = {
			isa = PBXSourcesBuildPhase;
			buildActionMask = 2147483647;
			files = (
				B1CA7E9E24ECDA2800318099 /* SkyengTestAppTests.swift in Sources */,
			);
			runOnlyForDeploymentPostprocessing = 0;
		};
/* End PBXSourcesBuildPhase section */

/* Begin PBXTargetDependency section */
		B1CA7E9B24ECDA2800318099 /* PBXTargetDependency */ = {
			isa = PBXTargetDependency;
			target = B1CA7E8224ECDA2600318099 /* SkyengTestApp */;
			targetProxy = B1CA7E9A24ECDA2800318099 /* PBXContainerItemProxy */;
		};
/* End PBXTargetDependency section */

/* Begin PBXVariantGroup section */
		B1CA7E8C24ECDA2600318099 /* Main.storyboard */ = {
			isa = PBXVariantGroup;
			children = (
				B1CA7E8D24ECDA2600318099 /* Base */,
			);
			name = Main.storyboard;
			sourceTree = "<group>";
		};
		B1CA7E9124ECDA2800318099 /* LaunchScreen.storyboard */ = {
			isa = PBXVariantGroup;
			children = (
				B1CA7E9224ECDA2800318099 /* Base */,
			);
			name = LaunchScreen.storyboard;
			sourceTree = "<group>";
		};
/* End PBXVariantGroup section */

/* Begin XCBuildConfiguration section */
		B1CA7EA024ECDA2800318099 /* Debug */ = {
			isa = XCBuildConfiguration;
			buildSettings = {
				ALWAYS_SEARCH_USER_PATHS = NO;
				CLANG_ANALYZER_NONNULL = YES;
				CLANG_ANALYZER_NUMBER_OBJECT_CONVERSION = YES_AGGRESSIVE;
				CLANG_CXX_LANGUAGE_STANDARD = "gnu++14";
				CLANG_CXX_LIBRARY = "libc++";
				CLANG_ENABLE_MODULES = YES;
				CLANG_ENABLE_OBJC_ARC = YES;
				CLANG_ENABLE_OBJC_WEAK = YES;
				CLANG_WARN_BLOCK_CAPTURE_AUTORELEASING = YES;
				CLANG_WARN_BOOL_CONVERSION = YES;
				CLANG_WARN_COMMA = YES;
				CLANG_WARN_CONSTANT_CONVERSION = YES;
				CLANG_WARN_DEPRECATED_OBJC_IMPLEMENTATIONS = YES;
				CLANG_WARN_DIRECT_OBJC_ISA_USAGE = YES_ERROR;
				CLANG_WARN_DOCUMENTATION_COMMENTS = YES;
				CLANG_WARN_EMPTY_BODY = YES;
				CLANG_WARN_ENUM_CONVERSION = YES;
				CLANG_WARN_INFINITE_RECURSION = YES;
				CLANG_WARN_INT_CONVERSION = YES;
				CLANG_WARN_NON_LITERAL_NULL_CONVERSION = YES;
				CLANG_WARN_OBJC_IMPLICIT_RETAIN_SELF = YES;
				CLANG_WARN_OBJC_LITERAL_CONVERSION = YES;
				CLANG_WARN_OBJC_ROOT_CLASS = YES_ERROR;
				CLANG_WARN_RANGE_LOOP_ANALYSIS = YES;
				CLANG_WARN_STRICT_PROTOTYPES = YES;
				CLANG_WARN_SUSPICIOUS_MOVE = YES;
				CLANG_WARN_UNGUARDED_AVAILABILITY = YES_AGGRESSIVE;
				CLANG_WARN_UNREACHABLE_CODE = YES;
				CLANG_WARN__DUPLICATE_METHOD_MATCH = YES;
				COPY_PHASE_STRIP = NO;
				DEBUG_INFORMATION_FORMAT = dwarf;
				ENABLE_STRICT_OBJC_MSGSEND = YES;
				ENABLE_TESTABILITY = YES;
				GCC_C_LANGUAGE_STANDARD = gnu11;
				GCC_DYNAMIC_NO_PIC = NO;
				GCC_NO_COMMON_BLOCKS = YES;
				GCC_OPTIMIZATION_LEVEL = 0;
				GCC_PREPROCESSOR_DEFINITIONS = (
					"DEBUG=1",
					"$(inherited)",
				);
				GCC_WARN_64_TO_32_BIT_CONVERSION = YES;
				GCC_WARN_ABOUT_RETURN_TYPE = YES_ERROR;
				GCC_WARN_UNDECLARED_SELECTOR = YES;
				GCC_WARN_UNINITIALIZED_AUTOS = YES_AGGRESSIVE;
				GCC_WARN_UNUSED_FUNCTION = YES;
				GCC_WARN_UNUSED_VARIABLE = YES;
				IPHONEOS_DEPLOYMENT_TARGET = 13.2;
				MTL_ENABLE_DEBUG_INFO = INCLUDE_SOURCE;
				MTL_FAST_MATH = YES;
				ONLY_ACTIVE_ARCH = YES;
				SDKROOT = iphoneos;
				SWIFT_ACTIVE_COMPILATION_CONDITIONS = DEBUG;
				SWIFT_OPTIMIZATION_LEVEL = "-Onone";
			};
			name = Debug;
		};
		B1CA7EA124ECDA2800318099 /* Release */ = {
			isa = XCBuildConfiguration;
			buildSettings = {
				ALWAYS_SEARCH_USER_PATHS = NO;
				CLANG_ANALYZER_NONNULL = YES;
				CLANG_ANALYZER_NUMBER_OBJECT_CONVERSION = YES_AGGRESSIVE;
				CLANG_CXX_LANGUAGE_STANDARD = "gnu++14";
				CLANG_CXX_LIBRARY = "libc++";
				CLANG_ENABLE_MODULES = YES;
				CLANG_ENABLE_OBJC_ARC = YES;
				CLANG_ENABLE_OBJC_WEAK = YES;
				CLANG_WARN_BLOCK_CAPTURE_AUTORELEASING = YES;
				CLANG_WARN_BOOL_CONVERSION = YES;
				CLANG_WARN_COMMA = YES;
				CLANG_WARN_CONSTANT_CONVERSION = YES;
				CLANG_WARN_DEPRECATED_OBJC_IMPLEMENTATIONS = YES;
				CLANG_WARN_DIRECT_OBJC_ISA_USAGE = YES_ERROR;
				CLANG_WARN_DOCUMENTATION_COMMENTS = YES;
				CLANG_WARN_EMPTY_BODY = YES;
				CLANG_WARN_ENUM_CONVERSION = YES;
				CLANG_WARN_INFINITE_RECURSION = YES;
				CLANG_WARN_INT_CONVERSION = YES;
				CLANG_WARN_NON_LITERAL_NULL_CONVERSION = YES;
				CLANG_WARN_OBJC_IMPLICIT_RETAIN_SELF = YES;
				CLANG_WARN_OBJC_LITERAL_CONVERSION = YES;
				CLANG_WARN_OBJC_ROOT_CLASS = YES_ERROR;
				CLANG_WARN_RANGE_LOOP_ANALYSIS = YES;
				CLANG_WARN_STRICT_PROTOTYPES = YES;
				CLANG_WARN_SUSPICIOUS_MOVE = YES;
				CLANG_WARN_UNGUARDED_AVAILABILITY = YES_AGGRESSIVE;
				CLANG_WARN_UNREACHABLE_CODE = YES;
				CLANG_WARN__DUPLICATE_METHOD_MATCH = YES;
				COPY_PHASE_STRIP = NO;
				DEBUG_INFORMATION_FORMAT = "dwarf-with-dsym";
				ENABLE_NS_ASSERTIONS = NO;
				ENABLE_STRICT_OBJC_MSGSEND = YES;
				GCC_C_LANGUAGE_STANDARD = gnu11;
				GCC_NO_COMMON_BLOCKS = YES;
				GCC_WARN_64_TO_32_BIT_CONVERSION = YES;
				GCC_WARN_ABOUT_RETURN_TYPE = YES_ERROR;
				GCC_WARN_UNDECLARED_SELECTOR = YES;
				GCC_WARN_UNINITIALIZED_AUTOS = YES_AGGRESSIVE;
				GCC_WARN_UNUSED_FUNCTION = YES;
				GCC_WARN_UNUSED_VARIABLE = YES;
				IPHONEOS_DEPLOYMENT_TARGET = 13.2;
				MTL_ENABLE_DEBUG_INFO = NO;
				MTL_FAST_MATH = YES;
				SDKROOT = iphoneos;
				SWIFT_COMPILATION_MODE = wholemodule;
				SWIFT_OPTIMIZATION_LEVEL = "-O";
				VALIDATE_PRODUCT = YES;
			};
			name = Release;
		};
		B1CA7EA324ECDA2800318099 /* Debug */ = {
			isa = XCBuildConfiguration;
			baseConfigurationReference = AE29EF85D4EAED0F170541F2 /* Pods-SkyengTestApp.debug.xcconfig */;
			buildSettings = {
				ASSETCATALOG_COMPILER_APPICON_NAME = AppIcon;
				CODE_SIGN_STYLE = Automatic;
				DEVELOPMENT_TEAM = E5A26AM235;
				INFOPLIST_FILE = SkyengTestApp/Info.plist;
				LD_RUNPATH_SEARCH_PATHS = (
					"$(inherited)",
					"@executable_path/Frameworks",
				);
				PRODUCT_BUNDLE_IDENTIFIER = com.janelp.SkyengTestApp;
				PRODUCT_NAME = "$(TARGET_NAME)";
				SWIFT_VERSION = 5.0;
				TARGETED_DEVICE_FAMILY = "1,2";
			};
			name = Debug;
		};
		B1CA7EA424ECDA2800318099 /* Release */ = {
			isa = XCBuildConfiguration;
			baseConfigurationReference = 6AA1EC00EFA115D3BC78B322 /* Pods-SkyengTestApp.release.xcconfig */;
			buildSettings = {
				ASSETCATALOG_COMPILER_APPICON_NAME = AppIcon;
				CODE_SIGN_STYLE = Automatic;
				DEVELOPMENT_TEAM = E5A26AM235;
				INFOPLIST_FILE = SkyengTestApp/Info.plist;
				LD_RUNPATH_SEARCH_PATHS = (
					"$(inherited)",
					"@executable_path/Frameworks",
				);
				PRODUCT_BUNDLE_IDENTIFIER = com.janelp.SkyengTestApp;
				PRODUCT_NAME = "$(TARGET_NAME)";
				SWIFT_VERSION = 5.0;
				TARGETED_DEVICE_FAMILY = "1,2";
			};
			name = Release;
		};
		B1CA7EA624ECDA2800318099 /* Debug */ = {
			isa = XCBuildConfiguration;
			buildSettings = {
				ALWAYS_EMBED_SWIFT_STANDARD_LIBRARIES = YES;
				BUNDLE_LOADER = "$(TEST_HOST)";
				CODE_SIGN_STYLE = Automatic;
				DEVELOPMENT_TEAM = E5A26AM235;
				INFOPLIST_FILE = SkyengTestAppTests/Info.plist;
				IPHONEOS_DEPLOYMENT_TARGET = 13.2;
				LD_RUNPATH_SEARCH_PATHS = (
					"$(inherited)",
					"@executable_path/Frameworks",
					"@loader_path/Frameworks",
				);
				PRODUCT_BUNDLE_IDENTIFIER = com.janelp.SkyengTestAppTests;
				PRODUCT_NAME = "$(TARGET_NAME)";
				SWIFT_VERSION = 5.0;
				TARGETED_DEVICE_FAMILY = "1,2";
				TEST_HOST = "$(BUILT_PRODUCTS_DIR)/SkyengTestApp.app/SkyengTestApp";
			};
			name = Debug;
		};
		B1CA7EA724ECDA2800318099 /* Release */ = {
			isa = XCBuildConfiguration;
			buildSettings = {
				ALWAYS_EMBED_SWIFT_STANDARD_LIBRARIES = YES;
				BUNDLE_LOADER = "$(TEST_HOST)";
				CODE_SIGN_STYLE = Automatic;
				DEVELOPMENT_TEAM = E5A26AM235;
				INFOPLIST_FILE = SkyengTestAppTests/Info.plist;
				IPHONEOS_DEPLOYMENT_TARGET = 13.2;
				LD_RUNPATH_SEARCH_PATHS = (
					"$(inherited)",
					"@executable_path/Frameworks",
					"@loader_path/Frameworks",
				);
				PRODUCT_BUNDLE_IDENTIFIER = com.janelp.SkyengTestAppTests;
				PRODUCT_NAME = "$(TARGET_NAME)";
				SWIFT_VERSION = 5.0;
				TARGETED_DEVICE_FAMILY = "1,2";
				TEST_HOST = "$(BUILT_PRODUCTS_DIR)/SkyengTestApp.app/SkyengTestApp";
			};
			name = Release;
		};
/* End XCBuildConfiguration section */

/* Begin XCConfigurationList section */
		B1CA7E7E24ECDA2600318099 /* Build configuration list for PBXProject "SkyengTestApp" */ = {
			isa = XCConfigurationList;
			buildConfigurations = (
				B1CA7EA024ECDA2800318099 /* Debug */,
				B1CA7EA124ECDA2800318099 /* Release */,
			);
			defaultConfigurationIsVisible = 0;
			defaultConfigurationName = Release;
		};
		B1CA7EA224ECDA2800318099 /* Build configuration list for PBXNativeTarget "SkyengTestApp" */ = {
			isa = XCConfigurationList;
			buildConfigurations = (
				B1CA7EA324ECDA2800318099 /* Debug */,
				B1CA7EA424ECDA2800318099 /* Release */,
			);
			defaultConfigurationIsVisible = 0;
			defaultConfigurationName = Release;
		};
		B1CA7EA524ECDA2800318099 /* Build configuration list for PBXNativeTarget "SkyengTestAppTests" */ = {
			isa = XCConfigurationList;
			buildConfigurations = (
				B1CA7EA624ECDA2800318099 /* Debug */,
				B1CA7EA724ECDA2800318099 /* Release */,
			);
			defaultConfigurationIsVisible = 0;
			defaultConfigurationName = Release;
		};
/* End XCConfigurationList section */
	};
	rootObject = B1CA7E7B24ECDA2600318099 /* Project object */;
}
